
Microsoft Visual Studio Solution File, Format Version 12.00
# Visual Studio for Mac
Project("{FAE04EC0-301F-11D3-BF4B-00C04F79EFBC}") = "Assembly-CSharp", "Assembly-CSharp.csproj", "{9F91F662-E08A-84E0-91DE-908BC0EDEAAB}"
EndProject
Global
	GlobalSection(SolutionConfigurationPlatforms) = preSolution
		Debug|Any CPU = Debug|Any CPU
		Release|Any CPU = Release|Any CPU
	EndGlobalSection
	GlobalSection(ProjectConfigurationPlatforms) = postSolution
		{9F91F662-E08A-84E0-91DE-908BC0EDEAAB}.Debug|Any CPU.ActiveCfg = Debug|Any CPU
		{9F91F662-E08A-84E0-91DE-908BC0EDEAAB}.Debug|Any CPU.Build.0 = Debug|Any CPU
		{9F91F662-E08A-84E0-91DE-908BC0EDEAAB}.Release|Any CPU.ActiveCfg = Release|Any CPU
		{9F91F662-E08A-84E0-91DE-908BC0EDEAAB}.Release|Any CPU.Build.0 = Release|Any CPU
	EndGlobalSection
	GlobalSection(SolutionProperties) = preSolution
		HideSolutionNode = FALSE
	EndGlobalSection
EndGlobal
